{
  "lockfileVersion": 1,
  "configVersion": 1,
  "workspaces": {
    "": {
      "name": "govee-lights",
      "dependencies": {
        "@headlessui/react": "^2.2.10",
        "mqtt": "^5.15.2",
        "react": "19.2.8",
        "react-colorful": "^5.8.0",
        "react-dom": "19.2.8",
      },
    },
  },
  "packages": {
    "@babel/runtime": ["@babel/runtime@7.29.7", "", {}, "sha512-Nq8OhGWiZIZGV6hLHoyAKLLcJihP/xFeBMGJoUrxTX2psI8dCifzLhZISFb+VWS3wFMRDmCGw5R+dOySCqPLhw=="],

    "@floating-ui/core": ["@floating-ui/core@1.8.0", "", { "dependencies": { "@floating-ui/utils": "^0.2.12" } }, "sha512-0CIZ5itps/8x7BG8dEIhs53BvCUH2PCoogtakwRTut+Arm58sJooJ0AuZhLw2HJYIR5cMLNPBSS728sPho2khQ=="],

    "@floating-ui/dom": ["@floating-ui/dom@1.8.0", "", { "dependencies": { "@floating-ui/core": "^1.8.0", "@floating-ui/utils": "^0.2.12" } }, "sha512-yXSrzeHZBTZadLOlfyhCkJHNeLJnHRnRInwdZ40L7ZiaAtrBwoYlsDrX3v5zB1Utk7CLfzcOVnVVWoXEky7Ceg=="],

    "@floating-ui/react": ["@floating-ui/react@0.26.28", "", { "dependencies": { "@floating-ui/react-dom": "^2.1.2", "@floating-ui/utils": "^0.2.8", "tabbable": "^6.0.0" }, "peerDependencies": { "react": ">=16.8.0", "react-dom": ">=16.8.0" } }, "sha512-yORQuuAtVpiRjpMhdc0wJj06b9JFjrYF4qp96j++v2NBpbi6SEGF7donUJ3TMieerQ6qVkAv1tgr7L4r5roTqw=="],

    "@floating-ui/react-dom": ["@floating-ui/react-dom@2.1.9", "", { "dependencies": { "@floating-ui/dom": "^1.8.0" }, "peerDependencies": { "react": ">=16.8.0", "react-dom": ">=16.8.0" } }, "sha512-JDjEFGCpImxDCA7JJKviA0M9+RtmJdj0m/NVU5IMgBK+AmZouAQQ7/+2GLH0GXXY0YMw9oXPB8hKdbPYg5QLYg=="],

    "@floating-ui/utils": ["@floating-ui/utils@0.2.12", "", {}, "sha512-HpCo8tmWzLVad5s2d19EhAz5zqrrQ6s69qd6moPMQvkOuSwDT1YgRfWSVuc4ennqrgv3OHppiOGMQ7oC13yIww=="],

    "@headlessui/react": ["@headlessui/react@2.2.10", "", { "dependencies": { "@floating-ui/react": "^0.26.16", "@react-aria/focus": "^3.20.2", "@react-aria/interactions": "^3.25.0", "@tanstack/react-virtual": "^3.13.9", "use-sync-external-store": "^1.5.0" }, "peerDependencies": { "react": "^18 || ^19 || ^19.0.0-rc", "react-dom": "^18 || ^19 || ^19.0.0-rc" } }, "sha512-5pVLNK9wlpxTUTy9GpgbX/SdcRh+HBnPktjM2wbiLTH4p+2EPHBO1aoSryUCuKUIItdDWO9ITlhUL8UnUN/oIA=="],

    "@internationalized/date": ["@internationalized/date@3.12.3", "", { "dependencies": { "@swc/helpers": "^0.5.0" } }, "sha512-fuLX+3ZKLsxI73y8b01EG/WjHb6gE6weCqlfawPO27kBWGMh9G1yH6Csv1uU7/cac9H2GHmOMt6CjmuQ1aia4Q=="],

    "@internationalized/number": ["@internationalized/number@3.6.7", "", { "dependencies": { "@swc/helpers": "^0.5.0" } }, "sha512-3ji1fcrT+FPAK86UqEhB/psHixYo6niWPJtt7+qRaYFynt/BaJG8GhAPimtWUpEiVSTq8ZM8L5psMxGquiB/Vg=="],

    "@internationalized/string": ["@internationalized/string@3.2.10", "", { "dependencies": { "@swc/helpers": "^0.5.0" } }, "sha512-PDx6//vHSpRnHfxqMqto11zQvhsaU74O3mKv2F/0eicGZcl9NLjQmGlbHz/LsJh5tLKp4A4L7ZVTzN1/MmMTvA=="],

    "@react-aria/focus": ["@react-aria/focus@3.22.1", "", { "dependencies": { "@swc/helpers": "^0.5.0", "react-aria": "^3.48.0" }, "peerDependencies": { "react": "^16.8.0 || ^17.0.0-rc.1 || ^18.0.0 || ^19.0.0-rc.1", "react-dom": "^16.8.0 || ^17.0.0-rc.1 || ^18.0.0 || ^19.0.0-rc.1" } }, "sha512-CPxtkyrBi/HYY5P3lE/57sQ6qfa0lN8E55TOm89H0kNGv0lKt+/0zP7lWERzBjRr5IxBVrQX4gFEowBN52LPaA=="],

    "@react-aria/interactions": ["@react-aria/interactions@3.28.1", "", { "dependencies": { "@react-types/shared": "^3.34.0", "@swc/helpers": "^0.5.0", "react-aria": "^3.48.0" }, "peerDependencies": { "react": "^16.8.0 || ^17.0.0-rc.1 || ^18.0.0 || ^19.0.0-rc.1", "react-dom": "^16.8.0 || ^17.0.0-rc.1 || ^18.0.0 || ^19.0.0-rc.1" } }, "sha512-Bqb+HrD5I5MHS2SKBhISYqo2SW8Y2dfzgF/Y1lIJq7xqLxheo9vzxPGEHhz+XzkgGfoqEJx8A6a3C7uiqS3HWA=="],

    "@react-types/shared": ["@react-types/shared@3.36.1", "", { "peerDependencies": { "react": "^16.8.0 || ^17.0.0-rc.1 || ^18.0.0 || ^19.0.0-rc.1" } }, "sha512-AzsuD9OfxTOZMMvTRhlN3oHBwOmFN7tDh27LzqmHt4+uOgPhJT7ZM7/kVs/8/o0WxayMUIk3hBmCFRHv1FUoag=="],

    "@swc/helpers": ["@swc/helpers@0.5.23", "", { "dependencies": { "tslib": "^2.8.0" } }, "sha512-5lSsMOTXURePglDfvuAQUqkGek9Hg2kksOYay2m0+XR++b2NWYL/4sWyuvVBIs8oKnJaxkdi9whaL/sqN13afw=="],

    "@tanstack/react-virtual": ["@tanstack/react-virtual@3.14.9", "", { "dependencies": { "@tanstack/virtual-core": "3.17.7" }, "peerDependencies": { "react": "^16.8.0 || ^17.0.0 || ^18.0.0 || ^19.0.0", "react-dom": "^16.8.0 || ^17.0.0 || ^18.0.0 || ^19.0.0" } }, "sha512-qZyr0FZDP8rDC4WBhsryIZmAd9bveJvFGUJJtskWaew6/0dTRS6wZxnR6VQ5bY2KwL3LjerrHqQLk3a0GKcPXQ=="],

    "@tanstack/virtual-core": ["@tanstack/virtual-core@3.17.7", "", {}, "sha512-bp+v10y65sp2H7WpWfIMyxTNfl8ZVfxFTLRjPIFRryi6FV/J33z4IS53WO4pTk36KlvJ4iLiQz+oaydDC1xbcA=="],

    "@types/node": ["@types/node@26.1.2", "", { "dependencies": { "undici-types": "~8.3.0" } }, "sha512-Vu4a5UFA9rIIFJ7rB/Vaafh9lrCQszopTCx6KjFboXTGQbPNasehVR5TEiithSDGyd1DEiUByggTZsg8jukeIg=="],

    "@types/readable-stream": ["@types/readable-stream@4.0.24", "", { "dependencies": { "@types/node": "*" } }, "sha512-NRvUNC/JFGPJvqdAfEve8oginbM6V08u5NzLWpG8MwA2kTPOLnqk+wpwuPT+mp3aUsxyuT6m2gnrPuHYCruzEg=="],

    "@types/ws": ["@types/ws@8.18.1", "", { "dependencies": { "@types/node": "*" } }, "sha512-ThVF6DCVhA8kUGy+aazFQ4kXQ7E1Ty7A3ypFOe0IcJV8O/M511G99AW24irKrW56Wt44yG9+ij8FaqoBGkuBXg=="],

    "abort-controller": ["abort-controller@3.0.0", "", { "dependencies": { "event-target-shim": "^5.0.0" } }, "sha512-h8lQ8tacZYnR3vNQTgibj+tODHI5/+l06Au2Pcriv/Gmet0eaj4TwWH41sO9wnHDiQsEj19q0drzdWdeAHtweg=="],

    "aria-hidden": ["aria-hidden@1.2.6", "", { "dependencies": { "tslib": "^2.0.0" } }, "sha512-ik3ZgC9dY/lYVVM++OISsaYDeg1tb0VtP5uL3ouh1koGOaUMDPpbFIei4JkFimWUFPn90sbMNMXQAIVOlnYKJA=="],

    "base64-js": ["base64-js@1.5.1", "", {}, "sha512-AKpaYlHn8t4SVbOHCy+b5+KKgvR4vrsD8vbvrbiQJps7fKDTkjkDry6ji0rUJjC0kzbNePLwzxq8iypo41qeWA=="],

    "bl": ["bl@6.1.6", "", { "dependencies": { "@types/readable-stream": "^4.0.0", "buffer": "^6.0.3", "inherits": "^2.0.4", "readable-stream": "^4.2.0" } }, "sha512-jLsPgN/YSvPUg9UX0Kd73CXpm2Psg9FxMeCSXnk3WBO3CMT10JMwijubhGfHCnFu6TPn1ei3b975dxv7K2pWVg=="],

    "broker-factory": ["broker-factory@3.1.15", "", { "dependencies": { "@babel/runtime": "^7.29.7", "fast-unique-numbers": "^9.0.27", "tslib": "^2.8.1", "worker-factory": "^7.0.50" } }, "sha512-ko+aWvgNuP49meGrdjUu7rC+Y+Wai3cCPxP3xWwHsHfehFjOh5ZQM2yC4gEB2UddeZ/YXhm0K1eG/L6fxym2Og=="],

    "buffer": ["buffer@6.0.3", "", { "dependencies": { "base64-js": "^1.3.1", "ieee754": "^1.2.1" } }, "sha512-FTiCpNxtwiZZHEZbcbTIcZjERVICn9yq/pDFkTl95/AxzD1naBctN7YO68riM/gLSDY7sdrMby8hofADYuuqOA=="],

    "buffer-from": ["buffer-from@1.1.2", "", {}, "sha512-E+XQCRwSbaaiChtv6k6Dwgc+bx+Bs6vuKJHHl5kox/BaKbhiXzqQOwK4cO22yElGp2OCmjwVhT3HmxgyPGnJfQ=="],

    "clsx": ["clsx@2.1.1", "", {}, "sha512-eYm0QWBtUrBWZWG0d386OGAw16Z995PiOVo2B7bjWSbHedGl5e0ZWaq65kOGgUSNesEIDkB9ISbTg/JK9dhCZA=="],

    "commist": ["commist@3.2.0", "", {}, "sha512-4PIMoPniho+LqXmpS5d3NuGYncG6XWlkBSVGiWycL22dd42OYdUGil2CWuzklaJoNxyxUSpO4MKIBU94viWNAw=="],

    "concat-stream": ["concat-stream@2.0.0", "", { "dependencies": { "buffer-from": "^1.0.0", "inherits": "^2.0.3", "readable-stream": "^3.0.2", "typedarray": "^0.0.6" } }, "sha512-MWufYdFw53ccGjCA+Ol7XJYpAlW6/prSMzuPOTRnJGcGzuhLn4Scrz7qf6o8bROZ514ltazcIFJZevcfbo0x7A=="],

    "debug": ["debug@4.4.3", "", { "dependencies": { "ms": "^2.1.3" }, "peerDependencies": { "supports-color": "*" }, "optionalPeers": ["supports-color"] }, "sha512-RGwwWnwQvkVfavKVt22FGLw+xYSdzARwm0ru6DhTVA3umU5hZc28V3kO4stgYryrTlLpuvgI9GiijltAjNbcqA=="],

    "event-target-shim": ["event-target-shim@5.0.1", "", {}, "sha512-i/2XbnSz/uxRCU6+NdVJgKWDTM427+MqYbkQzD321DuCQJUqOuJKIA0IM2+W2xtYHdKOmZ4dR6fExsd4SXL+WQ=="],

    "events": ["events@3.3.0", "", {}, "sha512-mQw+2fkQbALzQ7V0MY0IqdnXNOeTtP4r0lN9z7AAawCXgqea7bDii20AYrIBrFd/Hx0M2Ocz6S111CaFkUcb0Q=="],

    "fast-unique-numbers": ["fast-unique-numbers@9.0.27", "", { "dependencies": { "@babel/runtime": "^7.29.2", "tslib": "^2.8.1" } }, "sha512-nDA9ADeINN8SA2u2wCtU+siWFTTDqQR37XvgPIDDmboWQeExz7X0mImxuaN+kJddliIqy2FpVRmnvRZ+j8i1/A=="],

    "help-me": ["help-me@5.0.0", "", {}, "sha512-7xgomUX6ADmcYzFik0HzAxh/73YlKR9bmFzf51CZwR+b6YtzU2m0u49hQCqV6SvlqIqsaxovfwdvbnsw3b/zpg=="],

    "ieee754": ["ieee754@1.2.1", "", {}, "sha512-dcyqhDvX1C46lXZcVqCpK+FtMRQVdIMN6/Df5js2zouUsqG7I6sFxitIC+7KYK29KdXOLHdu9zL4sFnoVQnqaA=="],

    "inherits": ["inherits@2.0.4", "", {}, "sha512-k/vGaX4/Yla3WzyMCvTQOXYeIHvqOKtnqBduzTHpzpQZzAskKMhZ2K+EnBiSM9zGSoIFeMpXKxa4dYeZIQqewQ=="],

    "ip-address": ["ip-address@10.4.0", "", {}, "sha512-oSK96Grm3aP6OrS263xVxbNDGVL7rzBtYdpGqlDG8iQdoenDoTs/nkki+DflYbAEE8Xl6o5YxhxlrKvI3nqKXQ=="],

    "js-sdsl": ["js-sdsl@4.3.0", "", {}, "sha512-mifzlm2+5nZ+lEcLJMoBK0/IH/bDg8XnJfd/Wq6IP+xoCjLZsTOnV2QpxlVbX9bMnkl5PdEjNtBJ9Cj1NjifhQ=="],

    "lru-cache": ["lru-cache@10.4.3", "", {}, "sha512-JNAzZcXrCt42VGLuYz0zfAzDfAvJWW6AfYlDBQyDV5DClI2m5sAmK+OIO7s59XfsRsWHp02jAJrRadPRGTt6SQ=="],

    "minimist": ["minimist@1.2.8", "", {}, "sha512-2yyAR8qBkN3YuheJanUpWC5U3bb5osDywNB8RzDVlDwDHbocAJveqqj1u8+SVD7jkWT4yvsHCpWqqWqAxb0zCA=="],

    "mqtt": ["mqtt@5.15.2", "", { "dependencies": { "@types/readable-stream": "^4.0.21", "@types/ws": "^8.18.1", "commist": "^3.2.0", "concat-stream": "^2.0.0", "debug": "^4.4.1", "help-me": "^5.0.0", "lru-cache": "^10.4.3", "minimist": "^1.2.8", "mqtt-packet": "^9.0.2", "number-allocator": "^1.0.14", "readable-stream": "^4.7.0", "rfdc": "^1.4.1", "socks": "^2.8.6", "split2": "^4.2.0", "worker-timers": "^8.0.23", "ws": "^8.18.3" }, "bin": { "mqtt_pub": "build/bin/pub.js", "mqtt_sub": "build/bin/sub.js", "mqtt": "build/bin/mqtt.js" } }, "sha512-VWZU2CSUY3U3oN0PSBRDE5SNsFi4zqqNeQ/uv3pZWqY3CrBXD/dhd0ZLjlsk5YnebGlrapi4lRVNJPUNQ5aZ3w=="],

    "mqtt-packet": ["mqtt-packet@9.0.2", "", { "dependencies": { "bl": "^6.0.8", "debug": "^4.3.4", "process-nextick-args": "^2.0.1" } }, "sha512-MvIY0B8/qjq7bKxdN1eD+nrljoeaai+qjLJgfRn3TiMuz0pamsIWY2bFODPZMSNmabsLANXsLl4EMoWvlaTZWA=="],

    "ms": ["ms@2.1.3", "", {}, "sha512-6FlzubTLZG3J2a/NVCAleEhjzq5oxgHyaCU9yYXvcLsvoVaHJq/s5xXI6/XXP6tz7R9xAOtHnSO/tXtF3WRTlA=="],

    "number-allocator": ["number-allocator@1.0.14", "", { "dependencies": { "debug": "^4.3.1", "js-sdsl": "4.3.0" } }, "sha512-OrL44UTVAvkKdOdRQZIJpLkAdjXGTRda052sN4sO77bKEzYYqWKMBjQvrJFzqygI99gL6Z4u2xctPW1tB8ErvA=="],

    "process": ["process@0.11.10", "", {}, "sha512-cdGef/drWFoydD1JsMzuFf8100nZl+GT+yacc2bEced5f9Rjk4z+WtFUTBu9PhOi9j/jfmBPu0mMEY4wIdAF8A=="],

    "process-nextick-args": ["process-nextick-args@2.0.1", "", {}, "sha512-3ouUOpQhtgrbOa17J7+uxOTpITYWaGP7/AhoR3+A+/1e9skrzelGi/dXzEYyvbxubEF6Wn2ypscTKiKJFFn1ag=="],

    "react": ["react@19.2.8", "", {}, "sha512-PWaYA1L/q9u2u7xYQi+Y3L3Yfnie7XyLeaJICV1MGD6LprsBxcAqGjYyr0eY3p+QdsA+x/Irkt4Qif8D63+Sbw=="],

    "react-aria": ["react-aria@3.51.0", "", { "dependencies": { "@internationalized/date": "^3.12.3", "@internationalized/number": "^3.6.7", "@internationalized/string": "^3.2.10", "@react-types/shared": "^3.36.1", "@swc/helpers": "^0.5.0", "aria-hidden": "^1.2.3", "clsx": "^2.0.0", "react-stately": "3.49.0", "use-sync-external-store": "^1.6.0" }, "peerDependencies": { "react": "^16.8.0 || ^17.0.0-rc.1 || ^18.0.0 || ^19.0.0-rc.1", "react-dom": "^16.8.0 || ^17.0.0-rc.1 || ^18.0.0 || ^19.0.0-rc.1" } }, "sha512-AyWLw0XR38cFPwBu/ErgGaVrc5dupLEKmRlMXTGvFKOtbaGRQ2+yQJkjVhpdHhoRhU4+G+tJDFeHDTS8tK3bfQ=="],

    "react-colorful": ["react-colorful@5.8.0", "", { "peerDependencies": { "react": ">=16.8.0", "react-dom": ">=16.8.0" } }, "sha512-Wy9OzPfjSN9bF12OB8N7UQvlsZ0I+7wHxpN+bV5BjNQGxOj6IiwkRjevJK9yOBjJWGQvAaf1OXtn8rUeEatAng=="],

    "react-dom": ["react-dom@19.2.8", "", { "dependencies": { "scheduler": "^0.27.0" }, "peerDependencies": { "react": "^19.2.8" } }, "sha512-rVprimfGBG3DR+Tq0IQG2DT5PxKth1WIGDmj5yPmlzr4YBe7uyE+Du4oVqTDXZSHGGGXRtTJEGSSePyQCMBglQ=="],

    "react-stately": ["react-stately@3.49.0", "", { "dependencies": { "@internationalized/date": "^3.12.3", "@internationalized/number": "^3.6.7", "@internationalized/string": "^3.2.10", "@react-types/shared": "^3.36.1", "@swc/helpers": "^0.5.0", "use-sync-external-store": "^1.6.0" }, "peerDependencies": { "react": "^16.8.0 || ^17.0.0-rc.1 || ^18.0.0 || ^19.0.0-rc.1" } }, "sha512-13iNq2KzBrRAzxRc+n53hgROfIistiYY/sPtIhCw1qUB7/kmo+X1xEU2uiS5zcCIrc55AUPwoHqOIIpKWSwB9A=="],

    "readable-stream": ["readable-stream@4.7.0", "", { "dependencies": { "abort-controller": "^3.0.0", "buffer": "^6.0.3", "events": "^3.3.0", "process": "^0.11.10", "string_decoder": "^1.3.0" } }, "sha512-oIGGmcpTLwPga8Bn6/Z75SVaH1z5dUut2ibSyAMVhmUggWpmDn2dapB0n7f8nwaSiRtepAsfJyfXIO5DCVAODg=="],

    "rfdc": ["rfdc@1.4.1", "", {}, "sha512-q1b3N5QkRUWUl7iyylaaj3kOpIT0N2i9MqIEQXP73GVsN9cw3fdx8X63cEmWhJGi2PPCF23Ijp7ktmd39rawIA=="],

    "safe-buffer": ["safe-buffer@5.2.1", "", {}, "sha512-rp3So07KcdmmKbGvgaNxQSJr7bGVSVk5S9Eq1F+ppbRo70+YeaDxkw5Dd8NPN+GD6bjnYm2VuPuCXmpuYvmCXQ=="],

    "scheduler": ["scheduler@0.27.0", "", {}, "sha512-eNv+WrVbKu1f3vbYJT/xtiF5syA5HPIMtf9IgY/nKg0sWqzAUEvqY/xm7OcZc/qafLx/iO9FgOmeSAp4v5ti/Q=="],

    "smart-buffer": ["smart-buffer@4.2.0", "", {}, "sha512-94hK0Hh8rPqQl2xXc3HsaBoOXKV20MToPkcXvwbISWLEs+64sBq5kFgn2kJDHb1Pry9yrP0dxrCI9RRci7RXKg=="],

    "socks": ["socks@2.8.9", "", { "dependencies": { "ip-address": "^10.1.1", "smart-buffer": "^4.2.0" } }, "sha512-LJhUYUvItdQ0LkJTmPeaEObWXAqFyfmP85x0tch/ez9cahmhlBBLbIqDFnvBnUJGagb0JbIQrkBs1wJ+yRYpEw=="],

    "split2": ["split2@4.2.0", "", {}, "sha512-UcjcJOWknrNkF6PLX83qcHM6KHgVKNkV62Y8a5uYDVv9ydGQVwAHMKqHdJje1VTWpljG0WYpCDhrCdAOYH4TWg=="],

    "string_decoder": ["string_decoder@1.3.0", "", { "dependencies": { "safe-buffer": "~5.2.0" } }, "sha512-hkRX8U1WjJFd8LsDJ2yQ/wWWxaopEsABU1XfkM8A+j0+85JAGppt16cr1Whg6KIbb4okU6Mql6BOj+uup/wKeA=="],

    "tabbable": ["tabbable@6.5.0", "", {}, "sha512-wieBHXygIm7OyQOu5hQlkk62/WyCFYGlWg7L6/ZCUZwx0o398Zkn4pVmMyfYhfMG8kGrj/Krt8eIk6UKC6VzwA=="],

    "tslib": ["tslib@2.8.1", "", {}, "sha512-oJFu94HQb+KVduSUQL7wnpmqnfmLsOA/nAh6b6EH0wCEoK0/mPeXU6c3wKDV83MkOuHPRHtSXKKU99IBazS/2w=="],

    "typedarray": ["typedarray@0.0.6", "", {}, "sha512-/aCDEGatGvZ2BIk+HmLf4ifCJFwvKFNb9/JeZPMulfgFracn9QFcAf5GO8B/mweUjSoblS5In0cWhqpfs/5PQA=="],

    "undici-types": ["undici-types@8.3.0", "", {}, "sha512-j375ScV60dom+YkPFIfTLcOiPxkN/buHz5GobjLhixFuANaNs3C9l4GmrWqejgXWJ7BbJcFYpTEUkS1Ge8bpZQ=="],

    "use-sync-external-store": ["use-sync-external-store@1.6.0", "", { "peerDependencies": { "react": "^16.8.0 || ^17.0.0 || ^18.0.0 || ^19.0.0" } }, "sha512-Pp6GSwGP/NrPIrxVFAIkOQeyw8lFenOHijQWkUTrDvrF4ALqylP2C/KCkeS9dpUM3KvYRQhna5vt7IL95+ZQ9w=="],

    "util-deprecate": ["util-deprecate@1.0.2", "", {}, "sha512-EPD5q1uXyFxJpCrLnCc1nHnq3gOa6DZBocAIiI2TaSCA7VCJ1UJDMagCzIkXNsUYfD1daK//LTEQ8xiIbrHtcw=="],

    "worker-factory": ["worker-factory@7.0.50", "", { "dependencies": { "@babel/runtime": "^7.29.7", "fast-unique-numbers": "^9.0.27", "tslib": "^2.8.1" } }, "sha512-hhwc0G+sFwM4qBuhJIUBn2p1Jf8v/FwmLUANBf/Q+Lt2uI8mfIZQhXaZQACodQD4R7Zp6cn/6702bIvNn2puJQ=="],

    "worker-timers": ["worker-timers@8.0.34", "", { "dependencies": { "@babel/runtime": "^7.29.7", "tslib": "^2.8.1", "worker-timers-broker": "^8.0.18", "worker-timers-worker": "^9.0.15" } }, "sha512-WXL+Dqsm0G6dnC66rQsvM3tPT2adhbqSirWUCZGglkALOr8ocS0KlpU0iuKbjflJOlu3ydZikMEVrYnHOM9suw=="],

    "worker-timers-broker": ["worker-timers-broker@8.0.18", "", { "dependencies": { "@babel/runtime": "^7.29.7", "broker-factory": "^3.1.15", "fast-unique-numbers": "^9.0.27", "tslib": "^2.8.1", "worker-timers-worker": "^9.0.15" } }, "sha512-FrjzDVX1wKfZN0gRbCFqv8VHuTncG4sbI/WGEg4tSSQeIsnwqg4YBYWMAHYLJtUDEYYmiK65UKFrVMVk2irDSg=="],

    "worker-timers-worker": ["worker-timers-worker@9.0.15", "", { "dependencies": { "@babel/runtime": "^7.29.7", "tslib": "^2.8.1", "worker-factory": "^7.0.50" } }, "sha512-KKUe7lZ/Aignr51H6hOUik8LwTnIgojH/1lwhli8A8qIEIyewogZTpNpMW5B6BF7nmwBOkUoTYgf1H3QShcjSA=="],

    "ws": ["ws@8.21.2", "", { "peerDependencies": { "bufferutil": "^4.0.1", "utf-8-validate": ">=5.0.2" }, "optionalPeers": ["bufferutil", "utf-8-validate"] }, "sha512-54dMVAo4WIe6SKy3vBgN+9bJZqqQ8IMRevAkOLQALhi49qkkQDQfWdAZ8KQlXiEabw88ARXXdUrlvtbKQX+aKw=="],

    "concat-stream/readable-stream": ["readable-stream@3.6.2", "", { "dependencies": { "inherits": "^2.0.3", "string_decoder": "^1.1.1", "util-deprecate": "^1.0.1" } }, "sha512-9u/sniCrY3D5WdsERHzHE4G2YCXqoG5FTHUiCC4SIbr6XcLZBY05ya9EKjYek9O5xOAwjGq+1JdGBAS7Q9ScoA=="],
  }
}
